
Microsoft Visual Studio Solution File, Format Version 12.00
# Visual Studio Version 16
VisualStudioVersion = 16.0.29926.136
MinimumVisualStudioVersion = 10.0.40219.1
Project("{FAE04EC0-301F-11D3-BF4B-00C04F79EFBC}") = "project of tantawan", "tantawan\project of tantawan.csproj", "{E12FD0B7-685E-4553-AC4D-BAA535F7D395}"
EndProject
Project("{FAE04EC0-301F-11D3-BF4B-00C04F79EFBC}") = "Tan.Card", "pokedeng\Tan.Card.csproj", "{2D59E5EA-0792-4F69-96F6-01AB07A084F6}"
EndProject
Global
	GlobalSection(SolutionConfigurationPlatforms) = preSolution
		Debug|Any CPU = Debug|Any CPU
		Release|Any CPU = Release|Any CPU
	EndGlobalSection
	GlobalSection(ProjectConfigurationPlatforms) = postSolution
		{E12FD0B7-685E-4553-AC4D-BAA535F7D395}.Debug|Any CPU.ActiveCfg = Debug|Any CPU
		{E12FD0B7-685E-4553-AC4D-BAA535F7D395}.Debug|Any CPU.Build.0 = Debug|Any CPU
		{E12FD0B7-685E-4553-AC4D-BAA535F7D395}.Release|Any CPU.ActiveCfg = Release|Any CPU
		{E12FD0B7-685E-4553-AC4D-BAA535F7D395}.Release|Any CPU.Build.0 = Release|Any CPU
		{2D59E5EA-0792-4F69-96F6-01AB07A084F6}.Debug|Any CPU.ActiveCfg = Debug|Any CPU
		{2D59E5EA-0792-4F69-96F6-01AB07A084F6}.Debug|Any CPU.Build.0 = Debug|Any CPU
		{2D59E5EA-0792-4F69-96F6-01AB07A084F6}.Release|Any CPU.ActiveCfg = Release|Any CPU
		{2D59E5EA-0792-4F69-96F6-01AB07A084F6}.Release|Any CPU.Build.0 = Release|Any CPU
	EndGlobalSection
	GlobalSection(SolutionProperties) = preSolution
		HideSolutionNode = FALSE
	EndGlobalSection
	GlobalSection(ExtensibilityGlobals) = postSolution
		SolutionGuid = {3E21D9D7-4D6E-4C39-80C0-E9EC662FC1EE}
	EndGlobalSection
EndGlobal
